{
  "name": "flutter_360_image_tutorial-main",
  "lockfileVersion": 3,
  "requires": true,
  "packages": {
    "": {
      "dependencies": {
        "@emailjs/browser": "^3.11.0",
        "@emailjs/nodejs": "^2.2.0"
      }
    },
    "node_modules/@emailjs/browser": {
      "version": "3.11.0",
      "resolved": "https://registry.npmjs.org/@emailjs/browser/-/browser-3.11.0.tgz",
      "integrity": "sha512-RkY3FKZ3fPdK++OeF46mRTFpmmQWCHUVHZH209P3NE4D5sg2Atg7S2wa3gw5062Gl4clt4Wn5SyC4WhlVZC5pA==",
      "engines": {
        "node": ">=14.0.0"
      }
    },
    "node_modules/@emailjs/nodejs": {
      "version": "2.2.0",
      "resolved": "https://registry.npmjs.org/@emailjs/nodejs/-/nodejs-2.2.0.tgz",
      "integrity": "sha512-R5V14yCNmdQ5CrzE09BlsV/5s2DN8UcmxgBTo/Jk4T8TKxYT6s8lcEBUgfHSSvPRv/GGsNUknW7MNypgibVOpA==",
      "engines": {
        "node": ">=14.0.0"
      }
    }
  }
}
